Microsoft Visual Studio Solution File, Format Version 12.00
# Visual Studio Version 16
VisualStudioVersion = 16.0.0.0
MinimumVisualStudioVersion = 16.0.0.0
Project("{9A19103F-16F7-4668-BE54-9A1E7A4F7556}") = "Web.Server", "Server\Web.Server.csproj", "{9AE6BA15-23EE-42A9-B701-10AEA6F9FE95}"
EndProject
Project("{9A19103F-16F7-4668-BE54-9A1E7A4F7556}") = "Web.Client", "Client\Web.Client.csproj", "{625242A6-6B93-49EC-BF6F-15869E36A299}"
EndProject
Project("{9A19103F-16F7-4668-BE54-9A1E7A4F7556}") = "Web.Shared", "Shared\Web.Shared.csproj", "{00842257-B2F7-4A33-ADD6-56CA51527DA2}"
EndProject
Global
	GlobalSection(SolutionConfigurationPlatforms) = preSolution
		Debug|Any CPU = Debug|Any CPU
		Debug|x64 = Debug|x64
		Debug|x86 = Debug|x86
		Release|Any CPU = Release|Any CPU
		Release|x64 = Release|x64
		Release|x86 = Release|x86
	EndGlobalSection
	GlobalSection(ProjectConfigurationPlatforms) = postSolution
		{625242A6-6B93-49EC-BF6F-15869E36A299}.Debug|Any CPU.ActiveCfg = Debug|Any CPU
		{625242A6-6B93-49EC-BF6F-15869E36A299}.Debug|Any CPU.Build.0 = Debug|Any CPU
		{625242A6-6B93-49EC-BF6F-15869E36A299}.Debug|x64.ActiveCfg = Debug|Any CPU
		{625242A6-6B93-49EC-BF6F-15869E36A299}.Debug|x64.Build.0 = Debug|Any CPU
		{625242A6-6B93-49EC-BF6F-15869E36A299}.Debug|x86.ActiveCfg = Debug|Any CPU
		{625242A6-6B93-49EC-BF6F-15869E36A299}.Debug|x86.Build.0 = Debug|Any CPU
		{625242A6-6B93-49EC-BF6F-15869E36A299}.Release|Any CPU.ActiveCfg = Release|Any CPU
		{625242A6-6B93-49EC-BF6F-15869E36A299}.Release|Any CPU.Build.0 = Release|Any CPU
		{625242A6-6B93-49EC-BF6F-15869E36A299}.Release|x64.ActiveCfg = Release|Any CPU
		{625242A6-6B93-49EC-BF6F-15869E36A299}.Release|x64.Build.0 = Release|Any CPU
		{625242A6-6B93-49EC-BF6F-15869E36A299}.Release|x86.ActiveCfg = Release|Any CPU
		{625242A6-6B93-49EC-BF6F-15869E36A299}.Release|x86.Build.0 = Release|Any CPU
		{9AE6BA15-23EE-42A9-B701-10AEA6F9FE95}.Debug|Any CPU.ActiveCfg = Debug|Any CPU
		{9AE6BA15-23EE-42A9-B701-10AEA6F9FE95}.Debug|Any CPU.Build.0 = Debug|Any CPU
		{9AE6BA15-23EE-42A9-B701-10AEA6F9FE95}.Debug|x64.ActiveCfg = Debug|Any CPU
		{9AE6BA15-23EE-42A9-B701-10AEA6F9FE95}.Debug|x64.Build.0 = Debug|Any CPU
		{9AE6BA15-23EE-42A9-B701-10AEA6F9FE95}.Debug|x86.ActiveCfg = Debug|Any CPU
		{9AE6BA15-23EE-42A9-B701-10AEA6F9FE95}.Debug|x86.Build.0 = Debug|Any CPU
		{9AE6BA15-23EE-42A9-B701-10AEA6F9FE95}.Release|Any CPU.ActiveCfg = Release|Any CPU
		{9AE6BA15-23EE-42A9-B701-10AEA6F9FE95}.Release|Any CPU.Build.0 = Release|Any CPU
		{9AE6BA15-23EE-42A9-B701-10AEA6F9FE95}.Release|x64.ActiveCfg = Release|Any CPU
		{9AE6BA15-23EE-42A9-B701-10AEA6F9FE95}.Release|x64.Build.0 = Release|Any CPU
		{9AE6BA15-23EE-42A9-B701-10AEA6F9FE95}.Release|x86.ActiveCfg = Release|Any CPU
		{9AE6BA15-23EE-42A9-B701-10AEA6F9FE95}.Release|x86.Build.0 = Release|Any CPU
		{00842257-B2F7-4A33-ADD6-56CA51527DA2}.Debug|Any CPU.ActiveCfg = Debug|Any CPU
		{00842257-B2F7-4A33-ADD6-56CA51527DA2}.Debug|Any CPU.Build.0 = Debug|Any CPU
		{00842257-B2F7-4A33-ADD6-56CA51527DA2}.Debug|x64.ActiveCfg = Debug|Any CPU
		{00842257-B2F7-4A33-ADD6-56CA51527DA2}.Debug|x64.Build.0 = Debug|Any CPU
		{00842257-B2F7-4A33-ADD6-56CA51527DA2}.Debug|x86.ActiveCfg = Debug|Any CPU
		{00842257-B2F7-4A33-ADD6-56CA51527DA2}.Debug|x86.Build.0 = Debug|Any CPU
		{00842257-B2F7-4A33-ADD6-56CA51527DA2}.Release|Any CPU.ActiveCfg = Release|Any CPU
		{00842257-B2F7-4A33-ADD6-56CA51527DA2}.Release|Any CPU.Build.0 = Release|Any CPU
		{00842257-B2F7-4A33-ADD6-56CA51527DA2}.Release|x64.ActiveCfg = Release|Any CPU
		{00842257-B2F7-4A33-ADD6-56CA51527DA2}.Release|x64.Build.0 = Release|Any CPU
		{00842257-B2F7-4A33-ADD6-56CA51527DA2}.Release|x86.ActiveCfg = Release|Any CPU
		{00842257-B2F7-4A33-ADD6-56CA51527DA2}.Release|x86.Build.0 = Release|Any CPU
	EndGlobalSection
	GlobalSection(SolutionProperties) = preSolution
		HideSolutionNode = FALSE
	EndGlobalSection
	GlobalSection(ExtensibilityGlobals) = postSolution
		SolutionGuid = {ADB9BE47-9CF2-4261-9375-B9960DF7B351}
	EndGlobalSection
EndGlobal